
Microsoft Visual Studio Solution File, Format Version 12.00
# Visual Studio Version 17
VisualStudioVersion = 17.3.32811.315
MinimumVisualStudioVersion = 10.0.40219.1
Project("{FAE04EC0-301F-11D3-BF4B-00C04F79EFBC}") = "CheckingWebApiEndpoint", "CheckingWebApiEndpoint\CheckingWebApiEndpoint.csproj", "{C7B281B1-E1FB-4579-B59C-CFA459C8F791}"
EndProject
Global
	GlobalSection(SolutionConfigurationPlatforms) = preSolution
		Debug|Any CPU = Debug|Any CPU
		Release|Any CPU = Release|Any CPU
	EndGlobalSection
	GlobalSection(ProjectConfigurationPlatforms) = postSolution
		{C7B281B1-E1FB-4579-B59C-CFA459C8F791}.Debug|Any CPU.ActiveCfg = Debug|Any CPU
		{C7B281B1-E1FB-4579-B59C-CFA459C8F791}.Debug|Any CPU.Build.0 = Debug|Any CPU
		{C7B281B1-E1FB-4579-B59C-CFA459C8F791}.Release|Any CPU.ActiveCfg = Release|Any CPU
		{C7B281B1-E1FB-4579-B59C-CFA459C8F791}.Release|Any CPU.Build.0 = Release|Any CPU
	EndGlobalSection
	GlobalSection(SolutionProperties) = preSolution
		HideSolutionNode = FALSE
	EndGlobalSection
	GlobalSection(ExtensibilityGlobals) = postSolution
		SolutionGuid = {7C96D9C0-C04D-4719-95B0-FE16F93AC995}
	EndGlobalSection
EndGlobal
