
Microsoft Visual Studio Solution File, Format Version 12.00
# Visual Studio Version 17
VisualStudioVersion = 17.3.32811.315
MinimumVisualStudioVersion = 10.0.40219.1
Project("{FAE04EC0-301F-11D3-BF4B-00C04F79EFBC}") = "AppWep", "AppWep\AppWep.csproj", "{A35CA138-18A3-4C8A-84FB-13DBED43292A}"
EndProject
Global
	GlobalSection(SolutionConfigurationPlatforms) = preSolution
		Debug|Any CPU = Debug|Any CPU
		Release|Any CPU = Release|Any CPU
	EndGlobalSection
	GlobalSection(ProjectConfigurationPlatforms) = postSolution
		{A35CA138-18A3-4C8A-84FB-13DBED43292A}.Debug|Any CPU.ActiveCfg = Debug|Any CPU
		{A35CA138-18A3-4C8A-84FB-13DBED43292A}.Debug|Any CPU.Build.0 = Debug|Any CPU
		{A35CA138-18A3-4C8A-84FB-13DBED43292A}.Release|Any CPU.ActiveCfg = Release|Any CPU
		{A35CA138-18A3-4C8A-84FB-13DBED43292A}.Release|Any CPU.Build.0 = Release|Any CPU
	EndGlobalSection
	GlobalSection(SolutionProperties) = preSolution
		HideSolutionNode = FALSE
	EndGlobalSection
	GlobalSection(ExtensibilityGlobals) = postSolution
		SolutionGuid = {05B9B175-3449-4687-B745-669979585E9D}
	EndGlobalSection
EndGlobal
